# This file is automatically @generated by Cargo.
# It is not intended for manual editing.
version = 4

[[package]]
name = "serde"
version = "1.0.5"
source = "registry+https://github.com/rust-lang/crates.io-index"
checksum = "e101024c846392aadc80d5d452f2ff011f9bff1a0441151f8575e8a23488ef95"

[[package]]
name = "stale-serde"
version = "0.1.0"
dependencies = [
 "serde",
]
